// !$*UTF8*$!
{
	archiveVersion = 1;
	classes = {
	};
	objectVersion = 46;
	objects = {

/* Begin PBXBuildFile section */
		7C90CC371DE4F57600C542E0 /* AppDelegate.swift in Sources */ = {isa = PBXBuildFile; fileRef = 7C90CC361DE4F57600C542E0 /* AppDelegate.swift */; };
		7C90CC391DE4F57600C542E0 /* GoodiesViewController.swift in Sources */ = {isa = PBXBuildFile; fileRef = 7C90CC381DE4F57600C542E0 /* GoodiesViewController.swift */; };
		7C90CC3B1DE4F57600C542E0 /* PostViewController.swift in Sources */ = {isa = PBXBuildFile; fileRef = 7C90CC3A1DE4F57600C542E0 /* PostViewController.swift */; };
		7C90CC3E1DE4F57600C542E0 /* Main.storyboard in Resources */ = {isa = PBXBuildFile; fileRef = 7C90CC3C1DE4F57600C542E0 /* Main.storyboard */; };
		7C90CC401DE4F57600C542E0 /* Assets.xcassets in Resources */ = {isa = PBXBuildFile; fileRef = 7C90CC3F1DE4F57600C542E0 /* Assets.xcassets */; };
		7C90CC431DE4F57600C542E0 /* LaunchScreen.storyboard in Resources */ = {isa = PBXBuildFile; fileRef = 7C90CC411DE4F57600C542E0 /* LaunchScreen.storyboard */; };
		7C90CC4E1DE4F57600C542E0 /* HandMeDownTests.swift in Sources */ = {isa = PBXBuildFile; fileRef = 7C90CC4D1DE4F57600C542E0 /* HandMeDownTests.swift */; };
		7C90CC591DE4F57600C542E0 /* HandMeDownUITests.swift in Sources */ = {isa = PBXBuildFile; fileRef = 7C90CC581DE4F57600C542E0 /* HandMeDownUITests.swift */; };
		7C99451F1DF8F032001C621F /* Item.swift in Sources */ = {isa = PBXBuildFile; fileRef = 7C99451E1DF8F032001C621F /* Item.swift */; };
		7C9945251DF8F143001C621F /* User.swift in Sources */ = {isa = PBXBuildFile; fileRef = 7C9945241DF8F143001C621F /* User.swift */; };
		7C9945271DF8F346001C621F /* GoodiesCollectionViewCell.swift in Sources */ = {isa = PBXBuildFile; fileRef = 7C9945261DF8F346001C621F /* GoodiesCollectionViewCell.swift */; };
		7C9945291DF8F6A1001C621F /* ItemsDataSource.swift in Sources */ = {isa = PBXBuildFile; fileRef = 7C9945281DF8F6A1001C621F /* ItemsDataSource.swift */; };
		7C99452C1DF8F989001C621F /* Items.plist in Resources */ = {isa = PBXBuildFile; fileRef = 7C99452B1DF8F989001C621F /* Items.plist */; };
/* End PBXBuildFile section */

/* Begin PBXContainerItemProxy section */
		7C90CC4A1DE4F57600C542E0 /* PBXContainerItemProxy */ = {
			isa = PBXContainerItemProxy;
			containerPortal = 7C90CC2B1DE4F57600C542E0 /* Project object */;
			proxyType = 1;
			remoteGlobalIDString = 7C90CC321DE4F57600C542E0;
			remoteInfo = HandMeDown;
		};
		7C90CC551DE4F57600C542E0 /* PBXContainerItemProxy */ = {
			isa = PBXContainerItemProxy;
			containerPortal = 7C90CC2B1DE4F57600C542E0 /* Project object */;
			proxyType = 1;
			remoteGlobalIDString = 7C90CC321DE4F57600C542E0;
			remoteInfo = HandMeDown;
		};
/* End PBXContainerItemProxy section */

/* Begin PBXFileReference section */
		7C90CC331DE4F57600C542E0 /* HandMeDown.app */ = {isa = PBXFileReference; explicitFileType = wrapper.application; includeInIndex = 0; path = HandMeDown.app; sourceTree = BUILT_PRODUCTS_DIR; };
		7C90CC361DE4F57600C542E0 /* AppDelegate.swift */ = {isa = PBXFileReference; lastKnownFileType = sourcecode.swift; path = AppDelegate.swift; sourceTree = "<group>"; };
		7C90CC381DE4F57600C542E0 /* GoodiesViewController.swift */ = {isa = PBXFileReference; lastKnownFileType = sourcecode.swift; path = GoodiesViewController.swift; sourceTree = "<group>"; };
		7C90CC3A1DE4F57600C542E0 /* PostViewController.swift */ = {isa = PBXFileReference; lastKnownFileType = sourcecode.swift; path = PostViewController.swift; sourceTree = "<group>"; };
		7C90CC3D1DE4F57600C542E0 /* Base */ = {isa = PBXFileReference; lastKnownFileType = file.storyboard; name = Base; path = Base.lproj/Main.storyboard; sourceTree = "<group>"; };
		7C90CC3F1DE4F57600C542E0 /* Assets.xcassets */ = {isa = PBXFileReference; lastKnownFileType = folder.assetcatalog; path = Assets.xcassets; sourceTree = "<group>"; };
		7C90CC421DE4F57600C542E0 /* Base */ = {isa = PBXFileReference; lastKnownFileType = file.storyboard; name = Base; path = Base.lproj/LaunchScreen.storyboard; sourceTree = "<group>"; };
		7C90CC441DE4F57600C542E0 /* Info.plist */ = {isa = PBXFileReference; lastKnownFileType = text.plist.xml; path = Info.plist; sourceTree = "<group>"; };
		7C90CC491DE4F57600C542E0 /* HandMeDownTests.xctest */ = {isa = PBXFileReference; explicitFileType = wrapper.cfbundle; includeInIndex = 0; path = HandMeDownTests.xctest; sourceTree = BUILT_PRODUCTS_DIR; };
		7C90CC4D1DE4F57600C542E0 /* HandMeDownTests.swift */ = {isa = PBXFileReference; lastKnownFileType = sourcecode.swift; path = HandMeDownTests.swift; sourceTree = "<group>"; };
		7C90CC4F1DE4F57600C542E0 /* Info.plist */ = {isa = PBXFileReference; lastKnownFileType = text.plist.xml; path = Info.plist; sourceTree = "<group>"; };
		7C90CC541DE4F57600C542E0 /* HandMeDownUITests.xctest */ = {isa = PBXFileReference; explicitFileType = wrapper.cfbundle; includeInIndex = 0; path = HandMeDownUITests.xctest; sourceTree = BUILT_PRODUCTS_DIR; };
		7C90CC581DE4F57600C542E0 /* HandMeDownUITests.swift */ = {isa = PBXFileReference; lastKnownFileType = sourcecode.swift; path = HandMeDownUITests.swift; sourceTree = "<group>"; };
		7C90CC5A1DE4F57600C542E0 /* Info.plist */ = {isa = PBXFileReference; lastKnownFileType = text.plist.xml; path = Info.plist; sourceTree = "<group>"; };
		7C99451E1DF8F032001C621F /* Item.swift */ = {isa = PBXFileReference; fileEncoding = 4; lastKnownFileType = sourcecode.swift; path = Item.swift; sourceTree = "<group>"; };
		7C9945241DF8F143001C621F /* User.swift */ = {isa = PBXFileReference; fileEncoding = 4; lastKnownFileType = sourcecode.swift; path = User.swift; sourceTree = "<group>"; };
		7C9945261DF8F346001C621F /* GoodiesCollectionViewCell.swift */ = {isa = PBXFileReference; fileEncoding = 4; lastKnownFileType = sourcecode.swift; path = GoodiesCollectionViewCell.swift; sourceTree = "<group>"; };
		7C9945281DF8F6A1001C621F /* ItemsDataSource.swift */ = {isa = PBXFileReference; fileEncoding = 4; lastKnownFileType = sourcecode.swift; path = ItemsDataSource.swift; sourceTree = "<group>"; };
		7C99452B1DF8F989001C621F /* Items.plist */ = {isa = PBXFileReference; fileEncoding = 4; lastKnownFileType = text.plist.xml; path = Items.plist; sourceTree = "<group>"; };
/* End PBXFileReference section */

/* Begin PBXFrameworksBuildPhase section */
		7C90CC301DE4F57600C542E0 /* Frameworks */ = {
			isa = PBXFrameworksBuildPhase;
			buildActionMask = 2147483647;
			files = (
			);
			runOnlyForDeploymentPostprocessing = 0;
		};
		7C90CC461DE4F57600C542E0 /* Frameworks */ = {
			isa = PBXFrameworksBuildPhase;
			buildActionMask = 2147483647;
			files = (
			);
			runOnlyForDeploymentPostprocessing = 0;
		};
		7C90CC511DE4F57600C542E0 /* Frameworks */ = {
			isa = PBXFrameworksBuildPhase;
			buildActionMask = 2147483647;
			files = (
			);
			runOnlyForDeploymentPostprocessing = 0;
		};
/* End PBXFrameworksBuildPhase section */

/* Begin PBXGroup section */
		7C90CC2A1DE4F57600C542E0 = {
			isa = PBXGroup;
			children = (
				7C90CC351DE4F57600C542E0 /* HandMeDown */,
				7C90CC4C1DE4F57600C542E0 /* HandMeDownTests */,
				7C90CC571DE4F57600C542E0 /* HandMeDownUITests */,
				7C90CC341DE4F57600C542E0 /* Products */,
			);
			sourceTree = "<group>";
		};
		7C90CC341DE4F57600C542E0 /* Products */ = {
			isa = PBXGroup;
			children = (
				7C90CC331DE4F57600C542E0 /* HandMeDown.app */,
				7C90CC491DE4F57600C542E0 /* HandMeDownTests.xctest */,
				7C90CC541DE4F57600C542E0 /* HandMeDownUITests.xctest */,
			);
			name = Products;
			sourceTree = "<group>";
		};
		7C90CC351DE4F57600C542E0 /* HandMeDown */ = {
			isa = PBXGroup;
			children = (
				7C90CC361DE4F57600C542E0 /* AppDelegate.swift */,
				7C99452A1DF8F6A6001C621F /* DataSources */,
				7C9945211DF8F052001C621F /* View Controllers */,
				7C9945221DF8F062001C621F /* Storyboards */,
				7C90CC3F1DE4F57600C542E0 /* Assets.xcassets */,
				7C9945231DF8F071001C621F /* Support files */,
				7C9945201DF8F03A001C621F /* Model */,
			);
			path = HandMeDown;
			sourceTree = "<group>";
		};
		7C90CC4C1DE4F57600C542E0 /* HandMeDownTests */ = {
			isa = PBXGroup;
			children = (
				7C90CC4D1DE4F57600C542E0 /* HandMeDownTests.swift */,
				7C90CC4F1DE4F57600C542E0 /* Info.plist */,
			);
			path = HandMeDownTests;
			sourceTree = "<group>";
		};
		7C90CC571DE4F57600C542E0 /* HandMeDownUITests */ = {
			isa = PBXGroup;
			children = (
				7C90CC581DE4F57600C542E0 /* HandMeDownUITests.swift */,
				7C90CC5A1DE4F57600C542E0 /* Info.plist */,
			);
			path = HandMeDownUITests;
			sourceTree = "<group>";
		};
		7C9945201DF8F03A001C621F /* Model */ = {
			isa = PBXGroup;
			children = (
				7C99451E1DF8F032001C621F /* Item.swift */,
				7C9945241DF8F143001C621F /* User.swift */,
			);
			name = Model;
			sourceTree = "<group>";
		};
		7C9945211DF8F052001C621F /* View Controllers */ = {
			isa = PBXGroup;
			children = (
				7C90CC381DE4F57600C542E0 /* GoodiesViewController.swift */,
				7C9945261DF8F346001C621F /* GoodiesCollectionViewCell.swift */,
				7C90CC3A1DE4F57600C542E0 /* PostViewController.swift */,
			);
			name = "View Controllers";
			sourceTree = "<group>";
		};
		7C9945221DF8F062001C621F /* Storyboards */ = {
			isa = PBXGroup;
			children = (
				7C90CC3C1DE4F57600C542E0 /* Main.storyboard */,
				7C90CC411DE4F57600C542E0 /* LaunchScreen.storyboard */,
			);
			name = Storyboards;
			sourceTree = "<group>";
		};
		7C9945231DF8F071001C621F /* Support files */ = {
			isa = PBXGroup;
			children = (
				7C90CC441DE4F57600C542E0 /* Info.plist */,
				7C99452B1DF8F989001C621F /* Items.plist */,
			);
			name = "Support files";
			sourceTree = "<group>";
		};
		7C99452A1DF8F6A6001C621F /* DataSources */ = {
			isa = PBXGroup;
			children = (
				7C9945281DF8F6A1001C621F /* ItemsDataSource.swift */,
			);
			name = DataSources;
			sourceTree = "<group>";
		};
/* End PBXGroup section */

/* Begin PBXNativeTarget section */
		7C90CC321DE4F57600C542E0 /* HandMeDown */ = {
			isa = PBXNativeTarget;
			buildConfigurationList = 7C90CC5D1DE4F57600C542E0 /* Build configuration list for PBXNativeTarget "HandMeDown" */;
			buildPhases = (
				7C90CC2F1DE4F57600C542E0 /* Sources */,
				7C90CC301DE4F57600C542E0 /* Frameworks */,
				7C90CC311DE4F57600C542E0 /* Resources */,
			);
			buildRules = (
			);
			dependencies = (
			);
			name = HandMeDown;
			productName = HandMeDown;
			productReference = 7C90CC331DE4F57600C542E0 /* HandMeDown.app */;
			productType = "com.apple.product-type.application";
		};
		7C90CC481DE4F57600C542E0 /* HandMeDownTests */ = {
			isa = PBXNativeTarget;
			buildConfigurationList = 7C90CC601DE4F57600C542E0 /* Build configuration list for PBXNativeTarget "HandMeDownTests" */;
			buildPhases = (
				7C90CC451DE4F57600C542E0 /* Sources */,
				7C90CC461DE4F57600C542E0 /* Frameworks */,
				7C90CC471DE4F57600C542E0 /* Resources */,
			);
			buildRules = (
			);
			dependencies = (
				7C90CC4B1DE4F57600C542E0 /* PBXTargetDependency */,
			);
			name = HandMeDownTests;
			productName = HandMeDownTests;
			productReference = 7C90CC491DE4F57600C542E0 /* HandMeDownTests.xctest */;
			productType = "com.apple.product-type.bundle.unit-test";
		};
		7C90CC531DE4F57600C542E0 /* HandMeDownUITests */ = {
			isa = PBXNativeTarget;
			buildConfigurationList = 7C90CC631DE4F57600C542E0 /* Build configuration list for PBXNativeTarget "HandMeDownUITests" */;
			buildPhases = (
				7C90CC501DE4F57600C542E0 /* Sources */,
				7C90CC511DE4F57600C542E0 /* Frameworks */,
				7C90CC521DE4F57600C542E0 /* Resources */,
			);
			buildRules = (
			);
			dependencies = (
				7C90CC561DE4F57600C542E0 /* PBXTargetDependency */,
			);
			name = HandMeDownUITests;
			productName = HandMeDownUITests;
			productReference = 7C90CC541DE4F57600C542E0 /* HandMeDownUITests.xctest */;
			productType = "com.apple.product-type.bundle.ui-testing";
		};
/* End PBXNativeTarget section */

/* Begin PBXProject section */
		7C90CC2B1DE4F57600C542E0 /* Project object */ = {
			isa = PBXProject;
			attributes = {
				LastSwiftUpdateCheck = 0810;
				LastUpgradeCheck = 0810;
				ORGANIZATIONNAME = "Viviane Chan";
				TargetAttributes = {
					7C90CC321DE4F57600C542E0 = {
						CreatedOnToolsVersion = 8.1;
						DevelopmentTeam = 24H26R49VE;
						ProvisioningStyle = Automatic;
					};
					7C90CC481DE4F57600C542E0 = {
						CreatedOnToolsVersion = 8.1;
						DevelopmentTeam = 24H26R49VE;
						ProvisioningStyle = Automatic;
						TestTargetID = 7C90CC321DE4F57600C542E0;
					};
					7C90CC531DE4F57600C542E0 = {
						CreatedOnToolsVersion = 8.1;
						DevelopmentTeam = 24H26R49VE;
						ProvisioningStyle = Automatic;
						TestTargetID = 7C90CC321DE4F57600C542E0;
					};
				};
			};
			buildConfigurationList = 7C90CC2E1DE4F57600C542E0 /* Build configuration list for PBXProject "HandMeDown" */;
			compatibilityVersion = "Xcode 3.2";
			developmentRegion = English;
			hasScannedForEncodings = 0;
			knownRegions = (
				en,
				Base,
			);
			mainGroup = 7C90CC2A1DE4F57600C542E0;
			productRefGroup = 7C90CC341DE4F57600C542E0 /* Products */;
			projectDirPath = "";
			projectRoot = "";
			targets = (
				7C90CC321DE4F57600C542E0 /* HandMeDown */,
				7C90CC481DE4F57600C542E0 /* HandMeDownTests */,
				7C90CC531DE4F57600C542E0 /* HandMeDownUITests */,
			);
		};
/* End PBXProject section */

/* Begin PBXResourcesBuildPhase section */
		7C90CC311DE4F57600C542E0 /* Resources */ = {
			isa = PBXResourcesBuildPhase;
			buildActionMask = 2147483647;
			files = (
				7C90CC431DE4F57600C542E0 /* LaunchScreen.storyboard in Resources */,
				7C90CC401DE4F57600C542E0 /* Assets.xcassets in Resources */,
				7C90CC3E1DE4F57600C542E0 /* Main.storyboard in Resources */,
				7C99452C1DF8F989001C621F /* Items.plist in Resources */,
			);
			runOnlyForDeploymentPostprocessing = 0;
		};
		7C90CC471DE4F57600C542E0 /* Resources */ = {
			isa = PBXResourcesBuildPhase;
			buildActionMask = 2147483647;
			files = (
			);
			runOnlyForDeploymentPostprocessing = 0;
		};
		7C90CC521DE4F57600C542E0 /* Resources */ = {
			isa = PBXResourcesBuildPhase;
			buildActionMask = 2147483647;
			files = (
			);
			runOnlyForDeploymentPostprocessing = 0;
		};
/* End PBXResourcesBuildPhase section */

/* Begin PBXSourcesBuildPhase section */
		7C90CC2F1DE4F57600C542E0 /* Sources */ = {
			isa = PBXSourcesBuildPhase;
			buildActionMask = 2147483647;
			files = (
				7C99451F1DF8F032001C621F /* Item.swift in Sources */,
				7C90CC3B1DE4F57600C542E0 /* PostViewController.swift in Sources */,
				7C90CC371DE4F57600C542E0 /* AppDelegate.swift in Sources */,
				7C9945251DF8F143001C621F /* User.swift in Sources */,
				7C9945291DF8F6A1001C621F /* ItemsDataSource.swift in Sources */,
				7C90CC391DE4F57600C542E0 /* GoodiesViewController.swift in Sources */,
				7C9945271DF8F346001C621F /* GoodiesCollectionViewCell.swift in Sources */,
			);
			runOnlyForDeploymentPostprocessing = 0;
		};
		7C90CC451DE4F57600C542E0 /* Sources */ = {
			isa = PBXSourcesBuildPhase;
			buildActionMask = 2147483647;
			files = (
				7C90CC4E1DE4F57600C542E0 /* HandMeDownTests.swift in Sources */,
			);
			runOnlyForDeploymentPostprocessing = 0;
		};
		7C90CC501DE4F57600C542E0 /* Sources */ = {
			isa = PBXSourcesBuildPhase;
			buildActionMask = 2147483647;
			files = (
				7C90CC591DE4F57600C542E0 /* HandMeDownUITests.swift in Sources */,
			);
			runOnlyForDeploymentPostprocessing = 0;
		};
/* End PBXSourcesBuildPhase section */

/* Begin PBXTargetDependency section */
		7C90CC4B1DE4F57600C542E0 /* PBXTargetDependency */ = {
			isa = PBXTargetDependency;
			target = 7C90CC321DE4F57600C542E0 /* HandMeDown */;
			targetProxy = 7C90CC4A1DE4F57600C542E0 /* PBXContainerItemProxy */;
		};
		7C90CC561DE4F57600C542E0 /* PBXTargetDependency */ = {
			isa = PBXTargetDependency;
			target = 7C90CC321DE4F57600C542E0 /* HandMeDown */;
			targetProxy = 7C90CC551DE4F57600C542E0 /* PBXContainerItemProxy */;
		};
/* End PBXTargetDependency section */

/* Begin PBXVariantGroup section */
		7C90CC3C1DE4F57600C542E0 /* Main.storyboard */ = {
			isa = PBXVariantGroup;
			children = (
				7C90CC3D1DE4F57600C542E0 /* Base */,
			);
			name = Main.storyboard;
			sourceTree = "<group>";
		};
		7C90CC411DE4F57600C542E0 /* LaunchScreen.storyboard */ = {
			isa = PBXVariantGroup;
			children = (
				7C90CC421DE4F57600C542E0 /* Base */,
			);
			name = LaunchScreen.storyboard;
			sourceTree = "<group>";
		};
/* End PBXVariantGroup section */

/* Begin XCBuildConfiguration section */
		7C90CC5B1DE4F57600C542E0 /* Debug */ = {
			isa = XCBuildConfiguration;
			buildSettings = {
				ALWAYS_SEARCH_USER_PATHS = NO;
				CLANG_ANALYZER_NONNULL = YES;
				CLANG_CXX_LANGUAGE_STANDARD = "gnu++0x";
				CLANG_CXX_LIBRARY = "libc++";
				CLANG_ENABLE_MODULES = YES;
				CLANG_ENABLE_OBJC_ARC = YES;
				CLANG_WARN_BOOL_CONVERSION = YES;
				CLANG_WARN_CONSTANT_CONVERSION = YES;
				CLANG_WARN_DIRECT_OBJC_ISA_USAGE = YES_ERROR;
				CLANG_WARN_DOCUMENTATION_COMMENTS = YES;
				CLANG_WARN_EMPTY_BODY = YES;
				CLANG_WARN_ENUM_CONVERSION = YES;
				CLANG_WARN_INFINITE_RECURSION = YES;
				CLANG_WARN_INT_CONVERSION = YES;
				CLANG_WARN_OBJC_ROOT_CLASS = YES_ERROR;
				CLANG_WARN_SUSPICIOUS_MOVES = YES;
				CLANG_WARN_UNREACHABLE_CODE = YES;
				CLANG_WARN__DUPLICATE_METHOD_MATCH = YES;
				"CODE_SIGN_IDENTITY[sdk=iphoneos*]" = "iPhone Developer";
				COPY_PHASE_STRIP = NO;
				DEBUG_INFORMATION_FORMAT = dwarf;
				ENABLE_STRICT_OBJC_MSGSEND = YES;
				ENABLE_TESTABILITY = YES;
				GCC_C_LANGUAGE_STANDARD = gnu99;
				GCC_DYNAMIC_NO_PIC = NO;
				GCC_NO_COMMON_BLOCKS = YES;
				GCC_OPTIMIZATION_LEVEL = 0;
				GCC_PREPROCESSOR_DEFINITIONS = (
					"DEBUG=1",
					"$(inherited)",
				);
				GCC_WARN_64_TO_32_BIT_CONVERSION = YES;
				GCC_WARN_ABOUT_RETURN_TYPE = YES_ERROR;
				GCC_WARN_UNDECLARED_SELECTOR = YES;
				GCC_WARN_UNINITIALIZED_AUTOS = YES_AGGRESSIVE;
				GCC_WARN_UNUSED_FUNCTION = YES;
				GCC_WARN_UNUSED_VARIABLE = YES;
				IPHONEOS_DEPLOYMENT_TARGET = 10.1;
				MTL_ENABLE_DEBUG_INFO = YES;
				ONLY_ACTIVE_ARCH = YES;
				SDKROOT = iphoneos;
				SWIFT_ACTIVE_COMPILATION_CONDITIONS = DEBUG;
				SWIFT_OPTIMIZATION_LEVEL = "-Onone";
				TARGETED_DEVICE_FAMILY = "1,2";
			};
			name = Debug;
		};
		7C90CC5C1DE4F57600C542E0 /* Release */ = {
			isa = XCBuildConfiguration;
			buildSettings = {
				ALWAYS_SEARCH_USER_PATHS = NO;
				CLANG_ANALYZER_NONNULL = YES;
				CLANG_CXX_LANGUAGE_STANDARD = "gnu++0x";
				CLANG_CXX_LIBRARY = "libc++";
				CLANG_ENABLE_MODULES = YES;
				CLANG_ENABLE_OBJC_ARC = YES;
				CLANG_WARN_BOOL_CONVERSION = YES;
				CLANG_WARN_CONSTANT_CONVERSION = YES;
				CLANG_WARN_DIRECT_OBJC_ISA_USAGE = YES_ERROR;
				CLANG_WARN_DOCUMENTATION_COMMENTS = YES;
				CLANG_WARN_EMPTY_BODY = YES;
				CLANG_WARN_ENUM_CONVERSION = YES;
				CLANG_WARN_INFINITE_RECURSION = YES;
				CLANG_WARN_INT_CONVERSION = YES;
				CLANG_WARN_OBJC_ROOT_CLASS = YES_ERROR;
				CLANG_WARN_SUSPICIOUS_MOVES = YES;
				CLANG_WARN_UNREACHABLE_CODE = YES;
				CLANG_WARN__DUPLICATE_METHOD_MATCH = YES;
				"CODE_SIGN_IDENTITY[sdk=iphoneos*]" = "iPhone Developer";
				COPY_PHASE_STRIP = NO;
				DEBUG_INFORMATION_FORMAT = "dwarf-with-dsym";
				ENABLE_NS_ASSERTIONS = NO;
				ENABLE_STRICT_OBJC_MSGSEND = YES;
				GCC_C_LANGUAGE_STANDARD = gnu99;
				GCC_NO_COMMON_BLOCKS = YES;
				GCC_WARN_64_TO_32_BIT_CONVERSION = YES;
				GCC_WARN_ABOUT_RETURN_TYPE = YES_ERROR;
				GCC_WARN_UNDECLARED_SELECTOR = YES;
				GCC_WARN_UNINITIALIZED_AUTOS = YES_AGGRESSIVE;
				GCC_WARN_UNUSED_FUNCTION = YES;
				GCC_WARN_UNUSED_VARIABLE = YES;
				IPHONEOS_DEPLOYMENT_TARGET = 10.1;
				MTL_ENABLE_DEBUG_INFO = NO;
				SDKROOT = iphoneos;
				SWIFT_OPTIMIZATION_LEVEL = "-Owholemodule";
				TARGETED_DEVICE_FAMILY = "1,2";
				VALIDATE_PRODUCT = YES;
			};
			name = Release;
		};
		7C90CC5E1DE4F57600C542E0 /* Debug */ = {
			isa = XCBuildConfiguration;
			buildSettings = {
				ASSETCATALOG_COMPILER_APPICON_NAME = AppIcon;
				DEVELOPMENT_TEAM = 24H26R49VE;
				INFOPLIST_FILE = HandMeDown/Info.plist;
				LD_RUNPATH_SEARCH_PATHS = "$(inherited) @executable_path/Frameworks";
				PRODUCT_BUNDLE_IDENTIFIER = "com.-Komrad.HandMeDown";
				PRODUCT_NAME = "$(TARGET_NAME)";
				SWIFT_VERSION = 3.0;
			};
			name = Debug;
		};
		7C90CC5F1DE4F57600C542E0 /* Release */ = {
			isa = XCBuildConfiguration;
			buildSettings = {
				ASSETCATALOG_COMPILER_APPICON_NAME = AppIcon;
				DEVELOPMENT_TEAM = 24H26R49VE;
				INFOPLIST_FILE = HandMeDown/Info.plist;
				LD_RUNPATH_SEARCH_PATHS = "$(inherited) @executable_path/Frameworks";
				PRODUCT_BUNDLE_IDENTIFIER = "com.-Komrad.HandMeDown";
				PRODUCT_NAME = "$(TARGET_NAME)";
				SWIFT_VERSION = 3.0;
			};
			name = Release;
		};
		7C90CC611DE4F57600C542E0 /* Debug */ = {
			isa = XCBuildConfiguration;
			buildSettings = {
				ALWAYS_EMBED_SWIFT_STANDARD_LIBRARIES = YES;
				BUNDLE_LOADER = "$(TEST_HOST)";
				DEVELOPMENT_TEAM = 24H26R49VE;
				INFOPLIST_FILE = HandMeDownTests/Info.plist;
				LD_RUNPATH_SEARCH_PATHS = "$(inherited) @executable_path/Frameworks @loader_path/Frameworks";
				PRODUCT_BUNDLE_IDENTIFIER = "com.-Komrad.HandMeDownTests";
				PRODUCT_NAME = "$(TARGET_NAME)";
				SWIFT_VERSION = 3.0;
				TEST_HOST = "$(BUILT_PRODUCTS_DIR)/HandMeDown.app/HandMeDown";
			};
			name = Debug;
		};
		7C90CC621DE4F57600C542E0 /* Release */ = {
			isa = XCBuildConfiguration;
			buildSettings = {
				ALWAYS_EMBED_SWIFT_STANDARD_LIBRARIES = YES;
				BUNDLE_LOADER = "$(TEST_HOST)";
				DEVELOPMENT_TEAM = 24H26R49VE;
				INFOPLIST_FILE = HandMeDownTests/Info.plist;
				LD_RUNPATH_SEARCH_PATHS = "$(inherited) @executable_path/Frameworks @loader_path/Frameworks";
				PRODUCT_BUNDLE_IDENTIFIER = "com.-Komrad.HandMeDownTests";
				PRODUCT_NAME = "$(TARGET_NAME)";
				SWIFT_VERSION = 3.0;
				TEST_HOST = "$(BUILT_PRODUCTS_DIR)/HandMeDown.app/HandMeDown";
			};
			name = Release;
		};
		7C90CC641DE4F57600C542E0 /* Debug */ = {
			isa = XCBuildConfiguration;
			buildSettings = {
				ALWAYS_EMBED_SWIFT_STANDARD_LIBRARIES = YES;
				DEVELOPMENT_TEAM = 24H26R49VE;
				INFOPLIST_FILE = HandMeDownUITests/Info.plist;
				LD_RUNPATH_SEARCH_PATHS = "$(inherited) @executable_path/Frameworks @loader_path/Frameworks";
				PRODUCT_BUNDLE_IDENTIFIER = "com.-Komrad.HandMeDownUITests";
				PRODUCT_NAME = "$(TARGET_NAME)";
				SWIFT_VERSION = 3.0;
				TEST_TARGET_NAME = HandMeDown;
			};
			name = Debug;
		};
		7C90CC651DE4F57600C542E0 /* Release */ = {
			isa = XCBuildConfiguration;
			buildSettings = {
				ALWAYS_EMBED_SWIFT_STANDARD_LIBRARIES = YES;
				DEVELOPMENT_TEAM = 24H26R49VE;
				INFOPLIST_FILE = HandMeDownUITests/Info.plist;
				LD_RUNPATH_SEARCH_PATHS = "$(inherited) @executable_path/Frameworks @loader_path/Frameworks";
				PRODUCT_BUNDLE_IDENTIFIER = "com.-Komrad.HandMeDownUITests";
				PRODUCT_NAME = "$(TARGET_NAME)";
				SWIFT_VERSION = 3.0;
				TEST_TARGET_NAME = HandMeDown;
			};
			name = Release;
		};
/* End XCBuildConfiguration section */

/* Begin XCConfigurationList section */
		7C90CC2E1DE4F57600C542E0 /* Build configuration list for PBXProject "HandMeDown" */ = {
			isa = XCConfigurationList;
			buildConfigurations = (
				7C90CC5B1DE4F57600C542E0 /* Debug */,
				7C90CC5C1DE4F57600C542E0 /* Release */,
			);
			defaultConfigurationIsVisible = 0;
			defaultConfigurationName = Release;
		};
		7C90CC5D1DE4F57600C542E0 /* Build configuration list for PBXNativeTarget "HandMeDown" */ = {
			isa = XCConfigurationList;
			buildConfigurations = (
				7C90CC5E1DE4F57600C542E0 /* Debug */,
				7C90CC5F1DE4F57600C542E0 /* Release */,
			);
			defaultConfigurationIsVisible = 0;
			defaultConfigurationName = Release;
		};
		7C90CC601DE4F57600C542E0 /* Build configuration list for PBXNativeTarget "HandMeDownTests" */ = {
			isa = XCConfigurationList;
			buildConfigurations = (
				7C90CC611DE4F57600C542E0 /* Debug */,
				7C90CC621DE4F57600C542E0 /* Release */,
			);
			defaultConfigurationIsVisible = 0;
			defaultConfigurationName = Release;
		};
		7C90CC631DE4F57600C542E0 /* Build configuration list for PBXNativeTarget "HandMeDownUITests" */ = {
			isa = XCConfigurationList;
			buildConfigurations = (
				7C90CC641DE4F57600C542E0 /* Debug */,
				7C90CC651DE4F57600C542E0 /* Release */,
			);
			defaultConfigurationIsVisible = 0;
			defaultConfigurationName = Release;
		};
/* End XCConfigurationList section */
	};
	rootObject = 7C90CC2B1DE4F57600C542E0 /* Project object */;
}
