// !$*UTF8*$!
{
	archiveVersion = 1;
	classes = {
	};
	objectVersion = 46;
	objects = {

/* Begin PBXBuildFile section */
		7C34D8B51E02D005000A9280 /* MyStuffTableViewCell.swift in Sources */ = {isa = PBXBuildFile; fileRef = 7C34D8B41E02D005000A9280 /* MyStuffTableViewCell.swift */; };
		7C34D8B91E02D1D8000A9280 /* MyStuffViewController.swift in Sources */ = {isa = PBXBuildFile; fileRef = 7C34D8B81E02D1D8000A9280 /* MyStuffViewController.swift */; };
		7C38D7A61E0D5DDA00B4EA71 /* FBSDKLoginKit.framework in Frameworks */ = {isa = PBXBuildFile; fileRef = 7C38D7A51E0D5DDA00B4EA71 /* FBSDKLoginKit.framework */; };
		7C38D7A81E0D64C300B4EA71 /* FBSDKCoreKit.framework in Frameworks */ = {isa = PBXBuildFile; fileRef = 7C38D7A71E0D64C300B4EA71 /* FBSDKCoreKit.framework */; };
		7C38D7AA1E0D663900B4EA71 /* Bolts.framework in Frameworks */ = {isa = PBXBuildFile; fileRef = 7C38D7A91E0D663900B4EA71 /* Bolts.framework */; };
		7C38D7AC1E0D6F0900B4EA71 /* MainTabBarController.swift in Sources */ = {isa = PBXBuildFile; fileRef = 7C38D7AB1E0D6F0900B4EA71 /* MainTabBarController.swift */; };
		7C38D7AE1E0D75C800B4EA71 /* SettingsViewController.swift in Sources */ = {isa = PBXBuildFile; fileRef = 7C38D7AD1E0D75C800B4EA71 /* SettingsViewController.swift */; };
		7C4D26A61E0E00CB005CDCF7 /* FriendsViewController.swift in Sources */ = {isa = PBXBuildFile; fileRef = 7C4D26A51E0E00CB005CDCF7 /* FriendsViewController.swift */; };
		7C4D26AF1E0F1CB4005CDCF7 /* FriendsTableViewCell.swift in Sources */ = {isa = PBXBuildFile; fileRef = 7C4D26AE1E0F1CB4005CDCF7 /* FriendsTableViewCell.swift */; };
		7C8B1ABE1DFF35000081EAA6 /* Category.swift in Sources */ = {isa = PBXBuildFile; fileRef = 7C8B1ABD1DFF35000081EAA6 /* Category.swift */; };
		7C90CC371DE4F57600C542E0 /* AppDelegate.swift in Sources */ = {isa = PBXBuildFile; fileRef = 7C90CC361DE4F57600C542E0 /* AppDelegate.swift */; };
		7C90CC391DE4F57600C542E0 /* GoodiesViewController.swift in Sources */ = {isa = PBXBuildFile; fileRef = 7C90CC381DE4F57600C542E0 /* GoodiesViewController.swift */; };
		7C90CC3B1DE4F57600C542E0 /* PostViewController.swift in Sources */ = {isa = PBXBuildFile; fileRef = 7C90CC3A1DE4F57600C542E0 /* PostViewController.swift */; };
		7C90CC3E1DE4F57600C542E0 /* Main.storyboard in Resources */ = {isa = PBXBuildFile; fileRef = 7C90CC3C1DE4F57600C542E0 /* Main.storyboard */; };
		7C90CC401DE4F57600C542E0 /* Assets.xcassets in Resources */ = {isa = PBXBuildFile; fileRef = 7C90CC3F1DE4F57600C542E0 /* Assets.xcassets */; };
		7C90CC431DE4F57600C542E0 /* LaunchScreen.storyboard in Resources */ = {isa = PBXBuildFile; fileRef = 7C90CC411DE4F57600C542E0 /* LaunchScreen.storyboard */; };
		7C90CC4E1DE4F57600C542E0 /* HandMeDownTests.swift in Sources */ = {isa = PBXBuildFile; fileRef = 7C90CC4D1DE4F57600C542E0 /* HandMeDownTests.swift */; };
		7C90CC591DE4F57600C542E0 /* HandMeDownUITests.swift in Sources */ = {isa = PBXBuildFile; fileRef = 7C90CC581DE4F57600C542E0 /* HandMeDownUITests.swift */; };
		7C99451F1DF8F032001C621F /* Item.swift in Sources */ = {isa = PBXBuildFile; fileRef = 7C99451E1DF8F032001C621F /* Item.swift */; };
		7C9945251DF8F143001C621F /* User.swift in Sources */ = {isa = PBXBuildFile; fileRef = 7C9945241DF8F143001C621F /* User.swift */; };
		7C9945271DF8F346001C621F /* GoodiesCollectionViewCell.swift in Sources */ = {isa = PBXBuildFile; fileRef = 7C9945261DF8F346001C621F /* GoodiesCollectionViewCell.swift */; };
		7C99452C1DF8F989001C621F /* Items.plist in Resources */ = {isa = PBXBuildFile; fileRef = 7C99452B1DF8F989001C621F /* Items.plist */; };
		7C9D94F91DFC33D800F38752 /* Fonts.swift in Sources */ = {isa = PBXBuildFile; fileRef = 7C9D94F81DFC33D800F38752 /* Fonts.swift */; };
		7C9D94FB1DFC9F2A00F38752 /* Colors.swift in Sources */ = {isa = PBXBuildFile; fileRef = 7C9D94FA1DFC9F2A00F38752 /* Colors.swift */; };
		7CCD25921E0B55850035D518 /* GoogleService-Info.plist in Resources */ = {isa = PBXBuildFile; fileRef = 7CCD25911E0B55850035D518 /* GoogleService-Info.plist */; };
		7CCD25941E0B5E250035D518 /* LoginViewController.swift in Sources */ = {isa = PBXBuildFile; fileRef = 7CCD25931E0B5E250035D518 /* LoginViewController.swift */; };
		B1341B87FAA8F469A16A191D /* Pods_HandMeDown.framework in Frameworks */ = {isa = PBXBuildFile; fileRef = 2AF44F072B5BA8ED745B84A2 /* Pods_HandMeDown.framework */; };
		B5F0603DB1E4F0ED9838D830 /* Pods_HandMeDownUITests.framework in Frameworks */ = {isa = PBXBuildFile; fileRef = 784DE311F0C4ECA71D91D90D /* Pods_HandMeDownUITests.framework */; };
		B631C635C892812B257BAD02 /* Pods_HandMeDownTests.framework in Frameworks */ = {isa = PBXBuildFile; fileRef = 70490B54C49D5B5890A72A9B /* Pods_HandMeDownTests.framework */; };
/* End PBXBuildFile section */

/* Begin PBXContainerItemProxy section */
		7C90CC4A1DE4F57600C542E0 /* PBXContainerItemProxy */ = {
			isa = PBXContainerItemProxy;
			containerPortal = 7C90CC2B1DE4F57600C542E0 /* Project object */;
			proxyType = 1;
			remoteGlobalIDString = 7C90CC321DE4F57600C542E0;
			remoteInfo = HandMeDown;
		};
		7C90CC551DE4F57600C542E0 /* PBXContainerItemProxy */ = {
			isa = PBXContainerItemProxy;
			containerPortal = 7C90CC2B1DE4F57600C542E0 /* Project object */;
			proxyType = 1;
			remoteGlobalIDString = 7C90CC321DE4F57600C542E0;
			remoteInfo = HandMeDown;
		};
/* End PBXContainerItemProxy section */

/* Begin PBXFileReference section */
		061DDDDDB1BC30C4BEB21511 /* Pods-HandMeDownTests.release.xcconfig */ = {isa = PBXFileReference; includeInIndex = 1; lastKnownFileType = text.xcconfig; name = "Pods-HandMeDownTests.release.xcconfig"; path = "Pods/Target Support Files/Pods-HandMeDownTests/Pods-HandMeDownTests.release.xcconfig"; sourceTree = "<group>"; };
		07DAB02C7A601130249CFD61 /* Pods-HandMeDownUITests.release.xcconfig */ = {isa = PBXFileReference; includeInIndex = 1; lastKnownFileType = text.xcconfig; name = "Pods-HandMeDownUITests.release.xcconfig"; path = "Pods/Target Support Files/Pods-HandMeDownUITests/Pods-HandMeDownUITests.release.xcconfig"; sourceTree = "<group>"; };
		2AF44F072B5BA8ED745B84A2 /* Pods_HandMeDown.framework */ = {isa = PBXFileReference; explicitFileType = wrapper.framework; includeInIndex = 0; path = Pods_HandMeDown.framework; sourceTree = BUILT_PRODUCTS_DIR; };
		51362C3186EB54264D6F5541 /* Pods-HandMeDown.release.xcconfig */ = {isa = PBXFileReference; includeInIndex = 1; lastKnownFileType = text.xcconfig; name = "Pods-HandMeDown.release.xcconfig"; path = "Pods/Target Support Files/Pods-HandMeDown/Pods-HandMeDown.release.xcconfig"; sourceTree = "<group>"; };
		70490B54C49D5B5890A72A9B /* Pods_HandMeDownTests.framework */ = {isa = PBXFileReference; explicitFileType = wrapper.framework; includeInIndex = 0; path = Pods_HandMeDownTests.framework; sourceTree = BUILT_PRODUCTS_DIR; };
		784DE311F0C4ECA71D91D90D /* Pods_HandMeDownUITests.framework */ = {isa = PBXFileReference; explicitFileType = wrapper.framework; includeInIndex = 0; path = Pods_HandMeDownUITests.framework; sourceTree = BUILT_PRODUCTS_DIR; };
		7C34D8B41E02D005000A9280 /* MyStuffTableViewCell.swift */ = {isa = PBXFileReference; fileEncoding = 4; lastKnownFileType = sourcecode.swift; path = MyStuffTableViewCell.swift; sourceTree = "<group>"; };
		7C34D8B81E02D1D8000A9280 /* MyStuffViewController.swift */ = {isa = PBXFileReference; fileEncoding = 4; lastKnownFileType = sourcecode.swift; path = MyStuffViewController.swift; sourceTree = "<group>"; };
		7C38D7A51E0D5DDA00B4EA71 /* FBSDKLoginKit.framework */ = {isa = PBXFileReference; lastKnownFileType = wrapper.framework; path = FBSDKLoginKit.framework; sourceTree = "<group>"; };
		7C38D7A71E0D64C300B4EA71 /* FBSDKCoreKit.framework */ = {isa = PBXFileReference; lastKnownFileType = wrapper.framework; path = FBSDKCoreKit.framework; sourceTree = "<group>"; };
		7C38D7A91E0D663900B4EA71 /* Bolts.framework */ = {isa = PBXFileReference; lastKnownFileType = wrapper.framework; path = Bolts.framework; sourceTree = "<group>"; };
		7C38D7AB1E0D6F0900B4EA71 /* MainTabBarController.swift */ = {isa = PBXFileReference; fileEncoding = 4; lastKnownFileType = sourcecode.swift; path = MainTabBarController.swift; sourceTree = "<group>"; };
		7C38D7AD1E0D75C800B4EA71 /* SettingsViewController.swift */ = {isa = PBXFileReference; fileEncoding = 4; lastKnownFileType = sourcecode.swift; path = SettingsViewController.swift; sourceTree = "<group>"; };
		7C4D26A51E0E00CB005CDCF7 /* FriendsViewController.swift */ = {isa = PBXFileReference; fileEncoding = 4; lastKnownFileType = sourcecode.swift; path = FriendsViewController.swift; sourceTree = "<group>"; };
		7C4D26AE1E0F1CB4005CDCF7 /* FriendsTableViewCell.swift */ = {isa = PBXFileReference; fileEncoding = 4; lastKnownFileType = sourcecode.swift; path = FriendsTableViewCell.swift; sourceTree = "<group>"; };
		7C8B1ABD1DFF35000081EAA6 /* Category.swift */ = {isa = PBXFileReference; fileEncoding = 4; lastKnownFileType = sourcecode.swift; path = Category.swift; sourceTree = "<group>"; };
		7C90CC331DE4F57600C542E0 /* HandMeDown.app */ = {isa = PBXFileReference; explicitFileType = wrapper.application; includeInIndex = 0; path = HandMeDown.app; sourceTree = BUILT_PRODUCTS_DIR; };
		7C90CC361DE4F57600C542E0 /* AppDelegate.swift */ = {isa = PBXFileReference; lastKnownFileType = sourcecode.swift; path = AppDelegate.swift; sourceTree = "<group>"; };
		7C90CC381DE4F57600C542E0 /* GoodiesViewController.swift */ = {isa = PBXFileReference; lastKnownFileType = sourcecode.swift; path = GoodiesViewController.swift; sourceTree = "<group>"; };
		7C90CC3A1DE4F57600C542E0 /* PostViewController.swift */ = {isa = PBXFileReference; lastKnownFileType = sourcecode.swift; path = PostViewController.swift; sourceTree = "<group>"; };
		7C90CC3D1DE4F57600C542E0 /* Base */ = {isa = PBXFileReference; lastKnownFileType = file.storyboard; name = Base; path = Base.lproj/Main.storyboard; sourceTree = "<group>"; };
		7C90CC3F1DE4F57600C542E0 /* Assets.xcassets */ = {isa = PBXFileReference; lastKnownFileType = folder.assetcatalog; path = Assets.xcassets; sourceTree = "<group>"; };
		7C90CC421DE4F57600C542E0 /* Base */ = {isa = PBXFileReference; lastKnownFileType = file.storyboard; name = Base; path = Base.lproj/LaunchScreen.storyboard; sourceTree = "<group>"; };
		7C90CC441DE4F57600C542E0 /* Info.plist */ = {isa = PBXFileReference; lastKnownFileType = text.plist.xml; path = Info.plist; sourceTree = "<group>"; };
		7C90CC491DE4F57600C542E0 /* HandMeDownTests.xctest */ = {isa = PBXFileReference; explicitFileType = wrapper.cfbundle; includeInIndex = 0; path = HandMeDownTests.xctest; sourceTree = BUILT_PRODUCTS_DIR; };
		7C90CC4D1DE4F57600C542E0 /* HandMeDownTests.swift */ = {isa = PBXFileReference; lastKnownFileType = sourcecode.swift; path = HandMeDownTests.swift; sourceTree = "<group>"; };
		7C90CC4F1DE4F57600C542E0 /* Info.plist */ = {isa = PBXFileReference; lastKnownFileType = text.plist.xml; path = Info.plist; sourceTree = "<group>"; };
		7C90CC541DE4F57600C542E0 /* HandMeDownUITests.xctest */ = {isa = PBXFileReference; explicitFileType = wrapper.cfbundle; includeInIndex = 0; path = HandMeDownUITests.xctest; sourceTree = BUILT_PRODUCTS_DIR; };
		7C90CC581DE4F57600C542E0 /* HandMeDownUITests.swift */ = {isa = PBXFileReference; lastKnownFileType = sourcecode.swift; path = HandMeDownUITests.swift; sourceTree = "<group>"; };
		7C90CC5A1DE4F57600C542E0 /* Info.plist */ = {isa = PBXFileReference; lastKnownFileType = text.plist.xml; path = Info.plist; sourceTree = "<group>"; };
		7C99451E1DF8F032001C621F /* Item.swift */ = {isa = PBXFileReference; fileEncoding = 4; lastKnownFileType = sourcecode.swift; path = Item.swift; sourceTree = "<group>"; };
		7C9945241DF8F143001C621F /* User.swift */ = {isa = PBXFileReference; fileEncoding = 4; lastKnownFileType = sourcecode.swift; path = User.swift; sourceTree = "<group>"; };
		7C9945261DF8F346001C621F /* GoodiesCollectionViewCell.swift */ = {isa = PBXFileReference; fileEncoding = 4; lastKnownFileType = sourcecode.swift; path = GoodiesCollectionViewCell.swift; sourceTree = "<group>"; };
		7C99452B1DF8F989001C621F /* Items.plist */ = {isa = PBXFileReference; fileEncoding = 4; lastKnownFileType = text.plist.xml; path = Items.plist; sourceTree = "<group>"; };
		7C9D94F81DFC33D800F38752 /* Fonts.swift */ = {isa = PBXFileReference; fileEncoding = 4; lastKnownFileType = sourcecode.swift; path = Fonts.swift; sourceTree = "<group>"; };
		7C9D94FA1DFC9F2A00F38752 /* Colors.swift */ = {isa = PBXFileReference; fileEncoding = 4; lastKnownFileType = sourcecode.swift; path = Colors.swift; sourceTree = "<group>"; };
		7CCD25911E0B55850035D518 /* GoogleService-Info.plist */ = {isa = PBXFileReference; fileEncoding = 4; lastKnownFileType = text.plist.xml; path = "GoogleService-Info.plist"; sourceTree = "<group>"; };
		7CCD25931E0B5E250035D518 /* LoginViewController.swift */ = {isa = PBXFileReference; fileEncoding = 4; lastKnownFileType = sourcecode.swift; path = LoginViewController.swift; sourceTree = "<group>"; };
		7DD14A77A89D2258B64B0107 /* Pods-HandMeDown.debug.xcconfig */ = {isa = PBXFileReference; includeInIndex = 1; lastKnownFileType = text.xcconfig; name = "Pods-HandMeDown.debug.xcconfig"; path = "Pods/Target Support Files/Pods-HandMeDown/Pods-HandMeDown.debug.xcconfig"; sourceTree = "<group>"; };
		D37395C1EA7D63742BE57894 /* Pods-HandMeDownUITests.debug.xcconfig */ = {isa = PBXFileReference; includeInIndex = 1; lastKnownFileType = text.xcconfig; name = "Pods-HandMeDownUITests.debug.xcconfig"; path = "Pods/Target Support Files/Pods-HandMeDownUITests/Pods-HandMeDownUITests.debug.xcconfig"; sourceTree = "<group>"; };
		F6CCE3210B26A0FB82B66EBD /* Pods-HandMeDownTests.debug.xcconfig */ = {isa = PBXFileReference; includeInIndex = 1; lastKnownFileType = text.xcconfig; name = "Pods-HandMeDownTests.debug.xcconfig"; path = "Pods/Target Support Files/Pods-HandMeDownTests/Pods-HandMeDownTests.debug.xcconfig"; sourceTree = "<group>"; };
/* End PBXFileReference section */

/* Begin PBXFrameworksBuildPhase section */
		7C90CC301DE4F57600C542E0 /* Frameworks */ = {
			isa = PBXFrameworksBuildPhase;
			buildActionMask = 2147483647;
			files = (
				7C38D7A61E0D5DDA00B4EA71 /* FBSDKLoginKit.framework in Frameworks */,
				7C38D7A81E0D64C300B4EA71 /* FBSDKCoreKit.framework in Frameworks */,
				B1341B87FAA8F469A16A191D /* Pods_HandMeDown.framework in Frameworks */,
				7C38D7AA1E0D663900B4EA71 /* Bolts.framework in Frameworks */,
			);
			runOnlyForDeploymentPostprocessing = 0;
		};
		7C90CC461DE4F57600C542E0 /* Frameworks */ = {
			isa = PBXFrameworksBuildPhase;
			buildActionMask = 2147483647;
			files = (
				B631C635C892812B257BAD02 /* Pods_HandMeDownTests.framework in Frameworks */,
			);
			runOnlyForDeploymentPostprocessing = 0;
		};
		7C90CC511DE4F57600C542E0 /* Frameworks */ = {
			isa = PBXFrameworksBuildPhase;
			buildActionMask = 2147483647;
			files = (
				B5F0603DB1E4F0ED9838D830 /* Pods_HandMeDownUITests.framework in Frameworks */,
			);
			runOnlyForDeploymentPostprocessing = 0;
		};
/* End PBXFrameworksBuildPhase section */

/* Begin PBXGroup section */
		7C4D26A71E0E0397005CDCF7 /* TabBar */ = {
			isa = PBXGroup;
			children = (
				7C38D7AB1E0D6F0900B4EA71 /* MainTabBarController.swift */,
			);
			name = TabBar;
			sourceTree = "<group>";
		};
		7C4D26A81E0E03A8005CDCF7 /* Login */ = {
			isa = PBXGroup;
			children = (
				7CCD25931E0B5E250035D518 /* LoginViewController.swift */,
			);
			name = Login;
			sourceTree = "<group>";
		};
		7C4D26A91E0E03BC005CDCF7 /* Goodies */ = {
			isa = PBXGroup;
			children = (
				7C90CC381DE4F57600C542E0 /* GoodiesViewController.swift */,
				7C9945261DF8F346001C621F /* GoodiesCollectionViewCell.swift */,
			);
			name = Goodies;
			sourceTree = "<group>";
		};
		7C4D26AA1E0E03C8005CDCF7 /* Post */ = {
			isa = PBXGroup;
			children = (
				7C90CC3A1DE4F57600C542E0 /* PostViewController.swift */,
			);
			name = Post;
			sourceTree = "<group>";
		};
		7C4D26AB1E0E03D7005CDCF7 /* MyStuff */ = {
			isa = PBXGroup;
			children = (
				7C34D8B81E02D1D8000A9280 /* MyStuffViewController.swift */,
				7C34D8B41E02D005000A9280 /* MyStuffTableViewCell.swift */,
			);
			name = MyStuff;
			sourceTree = "<group>";
		};
		7C4D26AC1E0E03E5005CDCF7 /* Friends */ = {
			isa = PBXGroup;
			children = (
				7C4D26A51E0E00CB005CDCF7 /* FriendsViewController.swift */,
				7C4D26AE1E0F1CB4005CDCF7 /* FriendsTableViewCell.swift */,
			);
			name = Friends;
			sourceTree = "<group>";
		};
		7C4D26AD1E0E03F5005CDCF7 /* Settings */ = {
			isa = PBXGroup;
			children = (
				7C38D7AD1E0D75C800B4EA71 /* SettingsViewController.swift */,
			);
			name = Settings;
			sourceTree = "<group>";
		};
		7C90CC2A1DE4F57600C542E0 = {
			isa = PBXGroup;
			children = (
				7C90CC351DE4F57600C542E0 /* HandMeDown */,
				7C90CC4C1DE4F57600C542E0 /* HandMeDownTests */,
				7C90CC571DE4F57600C542E0 /* HandMeDownUITests */,
				7C90CC341DE4F57600C542E0 /* Products */,
				EDA500B1234E93C029B2D814 /* Pods */,
				874E2DE628D93BF9EA01010B /* Frameworks */,
			);
			sourceTree = "<group>";
		};
		7C90CC341DE4F57600C542E0 /* Products */ = {
			isa = PBXGroup;
			children = (
				7C90CC331DE4F57600C542E0 /* HandMeDown.app */,
				7C90CC491DE4F57600C542E0 /* HandMeDownTests.xctest */,
				7C90CC541DE4F57600C542E0 /* HandMeDownUITests.xctest */,
			);
			name = Products;
			sourceTree = "<group>";
		};
		7C90CC351DE4F57600C542E0 /* HandMeDown */ = {
			isa = PBXGroup;
			children = (
				7C90CC361DE4F57600C542E0 /* AppDelegate.swift */,
				7C9D94F71DFB5D1100F38752 /* Common */,
				7C9945211DF8F052001C621F /* View Controllers */,
				7C9945221DF8F062001C621F /* Storyboards */,
				7C90CC3F1DE4F57600C542E0 /* Assets.xcassets */,
				7C9945231DF8F071001C621F /* Support files */,
				7C9945201DF8F03A001C621F /* Model */,
			);
			path = HandMeDown;
			sourceTree = "<group>";
		};
		7C90CC4C1DE4F57600C542E0 /* HandMeDownTests */ = {
			isa = PBXGroup;
			children = (
				7C90CC4D1DE4F57600C542E0 /* HandMeDownTests.swift */,
				7C90CC4F1DE4F57600C542E0 /* Info.plist */,
			);
			path = HandMeDownTests;
			sourceTree = "<group>";
		};
		7C90CC571DE4F57600C542E0 /* HandMeDownUITests */ = {
			isa = PBXGroup;
			children = (
				7C90CC581DE4F57600C542E0 /* HandMeDownUITests.swift */,
				7C90CC5A1DE4F57600C542E0 /* Info.plist */,
			);
			path = HandMeDownUITests;
			sourceTree = "<group>";
		};
		7C9945201DF8F03A001C621F /* Model */ = {
			isa = PBXGroup;
			children = (
				7C99451E1DF8F032001C621F /* Item.swift */,
				7C8B1ABD1DFF35000081EAA6 /* Category.swift */,
				7C9945241DF8F143001C621F /* User.swift */,
			);
			name = Model;
			sourceTree = "<group>";
		};
		7C9945211DF8F052001C621F /* View Controllers */ = {
			isa = PBXGroup;
			children = (
				7C4D26A71E0E0397005CDCF7 /* TabBar */,
				7C4D26AD1E0E03F5005CDCF7 /* Settings */,
				7C4D26A81E0E03A8005CDCF7 /* Login */,
				7C4D26A91E0E03BC005CDCF7 /* Goodies */,
				7C4D26AA1E0E03C8005CDCF7 /* Post */,
				7C4D26AB1E0E03D7005CDCF7 /* MyStuff */,
				7C4D26AC1E0E03E5005CDCF7 /* Friends */,
			);
			name = "View Controllers";
			sourceTree = "<group>";
		};
		7C9945221DF8F062001C621F /* Storyboards */ = {
			isa = PBXGroup;
			children = (
				7C90CC3C1DE4F57600C542E0 /* Main.storyboard */,
				7C90CC411DE4F57600C542E0 /* LaunchScreen.storyboard */,
			);
			name = Storyboards;
			sourceTree = "<group>";
		};
		7C9945231DF8F071001C621F /* Support files */ = {
			isa = PBXGroup;
			children = (
				7CCD25911E0B55850035D518 /* GoogleService-Info.plist */,
				7C90CC441DE4F57600C542E0 /* Info.plist */,
				7C99452B1DF8F989001C621F /* Items.plist */,
			);
			name = "Support files";
			sourceTree = "<group>";
		};
		7C9D94F71DFB5D1100F38752 /* Common */ = {
			isa = PBXGroup;
			children = (
				7C9D94F81DFC33D800F38752 /* Fonts.swift */,
				7C9D94FA1DFC9F2A00F38752 /* Colors.swift */,
			);
			name = Common;
			sourceTree = "<group>";
		};
		874E2DE628D93BF9EA01010B /* Frameworks */ = {
			isa = PBXGroup;
			children = (
				7C38D7A91E0D663900B4EA71 /* Bolts.framework */,
				7C38D7A71E0D64C300B4EA71 /* FBSDKCoreKit.framework */,
				7C38D7A51E0D5DDA00B4EA71 /* FBSDKLoginKit.framework */,
				2AF44F072B5BA8ED745B84A2 /* Pods_HandMeDown.framework */,
				70490B54C49D5B5890A72A9B /* Pods_HandMeDownTests.framework */,
				784DE311F0C4ECA71D91D90D /* Pods_HandMeDownUITests.framework */,
			);
			name = Frameworks;
			sourceTree = "<group>";
		};
		EDA500B1234E93C029B2D814 /* Pods */ = {
			isa = PBXGroup;
			children = (
				7DD14A77A89D2258B64B0107 /* Pods-HandMeDown.debug.xcconfig */,
				51362C3186EB54264D6F5541 /* Pods-HandMeDown.release.xcconfig */,
				F6CCE3210B26A0FB82B66EBD /* Pods-HandMeDownTests.debug.xcconfig */,
				061DDDDDB1BC30C4BEB21511 /* Pods-HandMeDownTests.release.xcconfig */,
				D37395C1EA7D63742BE57894 /* Pods-HandMeDownUITests.debug.xcconfig */,
				07DAB02C7A601130249CFD61 /* Pods-HandMeDownUITests.release.xcconfig */,
			);
			name = Pods;
			sourceTree = "<group>";
		};
/* End PBXGroup section */

/* Begin PBXNativeTarget section */
		7C90CC321DE4F57600C542E0 /* HandMeDown */ = {
			isa = PBXNativeTarget;
			buildConfigurationList = 7C90CC5D1DE4F57600C542E0 /* Build configuration list for PBXNativeTarget "HandMeDown" */;
			buildPhases = (
				2EBE821EA8887E8FEC1965E2 /* [CP] Check Pods Manifest.lock */,
				7C90CC2F1DE4F57600C542E0 /* Sources */,
				7C90CC301DE4F57600C542E0 /* Frameworks */,
				7C90CC311DE4F57600C542E0 /* Resources */,
				AC1FB962CC21A6990A3EF091 /* [CP] Embed Pods Frameworks */,
				84A07F3D3DB5A14810FFA2A6 /* [CP] Copy Pods Resources */,
			);
			buildRules = (
			);
			dependencies = (
			);
			name = HandMeDown;
			productName = HandMeDown;
			productReference = 7C90CC331DE4F57600C542E0 /* HandMeDown.app */;
			productType = "com.apple.product-type.application";
		};
		7C90CC481DE4F57600C542E0 /* HandMeDownTests */ = {
			isa = PBXNativeTarget;
			buildConfigurationList = 7C90CC601DE4F57600C542E0 /* Build configuration list for PBXNativeTarget "HandMeDownTests" */;
			buildPhases = (
				D13A613F822D280CCD17EEF5 /* [CP] Check Pods Manifest.lock */,
				7C90CC451DE4F57600C542E0 /* Sources */,
				7C90CC461DE4F57600C542E0 /* Frameworks */,
				7C90CC471DE4F57600C542E0 /* Resources */,
				A8CD7037B3AB0DA02ABC1756 /* [CP] Embed Pods Frameworks */,
				3EDFA665BCBC452EA07DBA15 /* [CP] Copy Pods Resources */,
			);
			buildRules = (
			);
			dependencies = (
				7C90CC4B1DE4F57600C542E0 /* PBXTargetDependency */,
			);
			name = HandMeDownTests;
			productName = HandMeDownTests;
			productReference = 7C90CC491DE4F57600C542E0 /* HandMeDownTests.xctest */;
			productType = "com.apple.product-type.bundle.unit-test";
		};
		7C90CC531DE4F57600C542E0 /* HandMeDownUITests */ = {
			isa = PBXNativeTarget;
			buildConfigurationList = 7C90CC631DE4F57600C542E0 /* Build configuration list for PBXNativeTarget "HandMeDownUITests" */;
			buildPhases = (
				9A1D31A00CA6314506629145 /* [CP] Check Pods Manifest.lock */,
				7C90CC501DE4F57600C542E0 /* Sources */,
				7C90CC511DE4F57600C542E0 /* Frameworks */,
				7C90CC521DE4F57600C542E0 /* Resources */,
				B5D859CF4FBFC3B7FF35A92C /* [CP] Embed Pods Frameworks */,
				54C0387833F2069480EEFB4B /* [CP] Copy Pods Resources */,
			);
			buildRules = (
			);
			dependencies = (
				7C90CC561DE4F57600C542E0 /* PBXTargetDependency */,
			);
			name = HandMeDownUITests;
			productName = HandMeDownUITests;
			productReference = 7C90CC541DE4F57600C542E0 /* HandMeDownUITests.xctest */;
			productType = "com.apple.product-type.bundle.ui-testing";
		};
/* End PBXNativeTarget section */

/* Begin PBXProject section */
		7C90CC2B1DE4F57600C542E0 /* Project object */ = {
			isa = PBXProject;
			attributes = {
				LastSwiftUpdateCheck = 0810;
				LastUpgradeCheck = 0810;
				ORGANIZATIONNAME = "Viviane Chan";
				TargetAttributes = {
					7C90CC321DE4F57600C542E0 = {
						CreatedOnToolsVersion = 8.1;
						DevelopmentTeam = 24H26R49VE;
						ProvisioningStyle = Automatic;
					};
					7C90CC481DE4F57600C542E0 = {
						CreatedOnToolsVersion = 8.1;
						DevelopmentTeam = 24H26R49VE;
						ProvisioningStyle = Automatic;
						TestTargetID = 7C90CC321DE4F57600C542E0;
					};
					7C90CC531DE4F57600C542E0 = {
						CreatedOnToolsVersion = 8.1;
						DevelopmentTeam = 24H26R49VE;
						ProvisioningStyle = Automatic;
						TestTargetID = 7C90CC321DE4F57600C542E0;
					};
				};
			};
			buildConfigurationList = 7C90CC2E1DE4F57600C542E0 /* Build configuration list for PBXProject "HandMeDown" */;
			compatibilityVersion = "Xcode 3.2";
			developmentRegion = English;
			hasScannedForEncodings = 0;
			knownRegions = (
				en,
				Base,
			);
			mainGroup = 7C90CC2A1DE4F57600C542E0;
			productRefGroup = 7C90CC341DE4F57600C542E0 /* Products */;
			projectDirPath = "";
			projectRoot = "";
			targets = (
				7C90CC321DE4F57600C542E0 /* HandMeDown */,
				7C90CC481DE4F57600C542E0 /* HandMeDownTests */,
				7C90CC531DE4F57600C542E0 /* HandMeDownUITests */,
			);
		};
/* End PBXProject section */

/* Begin PBXResourcesBuildPhase section */
		7C90CC311DE4F57600C542E0 /* Resources */ = {
			isa = PBXResourcesBuildPhase;
			buildActionMask = 2147483647;
			files = (
				7C90CC431DE4F57600C542E0 /* LaunchScreen.storyboard in Resources */,
				7C90CC401DE4F57600C542E0 /* Assets.xcassets in Resources */,
				7CCD25921E0B55850035D518 /* GoogleService-Info.plist in Resources */,
				7C90CC3E1DE4F57600C542E0 /* Main.storyboard in Resources */,
				7C99452C1DF8F989001C621F /* Items.plist in Resources */,
			);
			runOnlyForDeploymentPostprocessing = 0;
		};
		7C90CC471DE4F57600C542E0 /* Resources */ = {
			isa = PBXResourcesBuildPhase;
			buildActionMask = 2147483647;
			files = (
			);
			runOnlyForDeploymentPostprocessing = 0;
		};
		7C90CC521DE4F57600C542E0 /* Resources */ = {
			isa = PBXResourcesBuildPhase;
			buildActionMask = 2147483647;
			files = (
			);
			runOnlyForDeploymentPostprocessing = 0;
		};
/* End PBXResourcesBuildPhase section */

/* Begin PBXShellScriptBuildPhase section */
		2EBE821EA8887E8FEC1965E2 /* [CP] Check Pods Manifest.lock */ = {
			isa = PBXShellScriptBuildPhase;
			buildActionMask = 2147483647;
			files = (
			);
			inputPaths = (
			);
			name = "[CP] Check Pods Manifest.lock";
			outputPaths = (
			);
			runOnlyForDeploymentPostprocessing = 0;
			shellPath = /bin/sh;
			shellScript = "diff \"${PODS_ROOT}/../Podfile.lock\" \"${PODS_ROOT}/Manifest.lock\" > /dev/null\nif [ $? != 0 ] ; then\n    # print error to STDERR\n    echo \"error: The sandbox is not in sync with the Podfile.lock. Run 'pod install' or update your CocoaPods installation.\" >&2\n    exit 1\nfi\n";
			showEnvVarsInLog = 0;
		};
		3EDFA665BCBC452EA07DBA15 /* [CP] Copy Pods Resources */ = {
			isa = PBXShellScriptBuildPhase;
			buildActionMask = 2147483647;
			files = (
			);
			inputPaths = (
			);
			name = "[CP] Copy Pods Resources";
			outputPaths = (
			);
			runOnlyForDeploymentPostprocessing = 0;
			shellPath = /bin/sh;
			shellScript = "\"${SRCROOT}/Pods/Target Support Files/Pods-HandMeDownTests/Pods-HandMeDownTests-resources.sh\"\n";
			showEnvVarsInLog = 0;
		};
		54C0387833F2069480EEFB4B /* [CP] Copy Pods Resources */ = {
			isa = PBXShellScriptBuildPhase;
			buildActionMask = 2147483647;
			files = (
			);
			inputPaths = (
			);
			name = "[CP] Copy Pods Resources";
			outputPaths = (
			);
			runOnlyForDeploymentPostprocessing = 0;
			shellPath = /bin/sh;
			shellScript = "\"${SRCROOT}/Pods/Target Support Files/Pods-HandMeDownUITests/Pods-HandMeDownUITests-resources.sh\"\n";
			showEnvVarsInLog = 0;
		};
		84A07F3D3DB5A14810FFA2A6 /* [CP] Copy Pods Resources */ = {
			isa = PBXShellScriptBuildPhase;
			buildActionMask = 2147483647;
			files = (
			);
			inputPaths = (
			);
			name = "[CP] Copy Pods Resources";
			outputPaths = (
			);
			runOnlyForDeploymentPostprocessing = 0;
			shellPath = /bin/sh;
			shellScript = "\"${SRCROOT}/Pods/Target Support Files/Pods-HandMeDown/Pods-HandMeDown-resources.sh\"\n";
			showEnvVarsInLog = 0;
		};
		9A1D31A00CA6314506629145 /* [CP] Check Pods Manifest.lock */ = {
			isa = PBXShellScriptBuildPhase;
			buildActionMask = 2147483647;
			files = (
			);
			inputPaths = (
			);
			name = "[CP] Check Pods Manifest.lock";
			outputPaths = (
			);
			runOnlyForDeploymentPostprocessing = 0;
			shellPath = /bin/sh;
			shellScript = "diff \"${PODS_ROOT}/../Podfile.lock\" \"${PODS_ROOT}/Manifest.lock\" > /dev/null\nif [ $? != 0 ] ; then\n    # print error to STDERR\n    echo \"error: The sandbox is not in sync with the Podfile.lock. Run 'pod install' or update your CocoaPods installation.\" >&2\n    exit 1\nfi\n";
			showEnvVarsInLog = 0;
		};
		A8CD7037B3AB0DA02ABC1756 /* [CP] Embed Pods Frameworks */ = {
			isa = PBXShellScriptBuildPhase;
			buildActionMask = 2147483647;
			files = (
			);
			inputPaths = (
			);
			name = "[CP] Embed Pods Frameworks";
			outputPaths = (
			);
			runOnlyForDeploymentPostprocessing = 0;
			shellPath = /bin/sh;
			shellScript = "\"${SRCROOT}/Pods/Target Support Files/Pods-HandMeDownTests/Pods-HandMeDownTests-frameworks.sh\"\n";
			showEnvVarsInLog = 0;
		};
		AC1FB962CC21A6990A3EF091 /* [CP] Embed Pods Frameworks */ = {
			isa = PBXShellScriptBuildPhase;
			buildActionMask = 2147483647;
			files = (
			);
			inputPaths = (
			);
			name = "[CP] Embed Pods Frameworks";
			outputPaths = (
			);
			runOnlyForDeploymentPostprocessing = 0;
			shellPath = /bin/sh;
			shellScript = "\"${SRCROOT}/Pods/Target Support Files/Pods-HandMeDown/Pods-HandMeDown-frameworks.sh\"\n";
			showEnvVarsInLog = 0;
		};
		B5D859CF4FBFC3B7FF35A92C /* [CP] Embed Pods Frameworks */ = {
			isa = PBXShellScriptBuildPhase;
			buildActionMask = 2147483647;
			files = (
			);
			inputPaths = (
			);
			name = "[CP] Embed Pods Frameworks";
			outputPaths = (
			);
			runOnlyForDeploymentPostprocessing = 0;
			shellPath = /bin/sh;
			shellScript = "\"${SRCROOT}/Pods/Target Support Files/Pods-HandMeDownUITests/Pods-HandMeDownUITests-frameworks.sh\"\n";
			showEnvVarsInLog = 0;
		};
		D13A613F822D280CCD17EEF5 /* [CP] Check Pods Manifest.lock */ = {
			isa = PBXShellScriptBuildPhase;
			buildActionMask = 2147483647;
			files = (
			);
			inputPaths = (
			);
			name = "[CP] Check Pods Manifest.lock";
			outputPaths = (
			);
			runOnlyForDeploymentPostprocessing = 0;
			shellPath = /bin/sh;
			shellScript = "diff \"${PODS_ROOT}/../Podfile.lock\" \"${PODS_ROOT}/Manifest.lock\" > /dev/null\nif [ $? != 0 ] ; then\n    # print error to STDERR\n    echo \"error: The sandbox is not in sync with the Podfile.lock. Run 'pod install' or update your CocoaPods installation.\" >&2\n    exit 1\nfi\n";
			showEnvVarsInLog = 0;
		};
/* End PBXShellScriptBuildPhase section */

/* Begin PBXSourcesBuildPhase section */
		7C90CC2F1DE4F57600C542E0 /* Sources */ = {
			isa = PBXSourcesBuildPhase;
			buildActionMask = 2147483647;
			files = (
				7CCD25941E0B5E250035D518 /* LoginViewController.swift in Sources */,
				7C9D94F91DFC33D800F38752 /* Fonts.swift in Sources */,
				7C9D94FB1DFC9F2A00F38752 /* Colors.swift in Sources */,
				7C4D26AF1E0F1CB4005CDCF7 /* FriendsTableViewCell.swift in Sources */,
				7C99451F1DF8F032001C621F /* Item.swift in Sources */,
				7C34D8B51E02D005000A9280 /* MyStuffTableViewCell.swift in Sources */,
				7C90CC3B1DE4F57600C542E0 /* PostViewController.swift in Sources */,
				7C90CC371DE4F57600C542E0 /* AppDelegate.swift in Sources */,
				7C8B1ABE1DFF35000081EAA6 /* Category.swift in Sources */,
				7C4D26A61E0E00CB005CDCF7 /* FriendsViewController.swift in Sources */,
				7C38D7AC1E0D6F0900B4EA71 /* MainTabBarController.swift in Sources */,
				7C38D7AE1E0D75C800B4EA71 /* SettingsViewController.swift in Sources */,
				7C9945251DF8F143001C621F /* User.swift in Sources */,
				7C90CC391DE4F57600C542E0 /* GoodiesViewController.swift in Sources */,
				7C9945271DF8F346001C621F /* GoodiesCollectionViewCell.swift in Sources */,
				7C34D8B91E02D1D8000A9280 /* MyStuffViewController.swift in Sources */,
			);
			runOnlyForDeploymentPostprocessing = 0;
		};
		7C90CC451DE4F57600C542E0 /* Sources */ = {
			isa = PBXSourcesBuildPhase;
			buildActionMask = 2147483647;
			files = (
				7C90CC4E1DE4F57600C542E0 /* HandMeDownTests.swift in Sources */,
			);
			runOnlyForDeploymentPostprocessing = 0;
		};
		7C90CC501DE4F57600C542E0 /* Sources */ = {
			isa = PBXSourcesBuildPhase;
			buildActionMask = 2147483647;
			files = (
				7C90CC591DE4F57600C542E0 /* HandMeDownUITests.swift in Sources */,
			);
			runOnlyForDeploymentPostprocessing = 0;
		};
/* End PBXSourcesBuildPhase section */

/* Begin PBXTargetDependency section */
		7C90CC4B1DE4F57600C542E0 /* PBXTargetDependency */ = {
			isa = PBXTargetDependency;
			target = 7C90CC321DE4F57600C542E0 /* HandMeDown */;
			targetProxy = 7C90CC4A1DE4F57600C542E0 /* PBXContainerItemProxy */;
		};
		7C90CC561DE4F57600C542E0 /* PBXTargetDependency */ = {
			isa = PBXTargetDependency;
			target = 7C90CC321DE4F57600C542E0 /* HandMeDown */;
			targetProxy = 7C90CC551DE4F57600C542E0 /* PBXContainerItemProxy */;
		};
/* End PBXTargetDependency section */

/* Begin PBXVariantGroup section */
		7C90CC3C1DE4F57600C542E0 /* Main.storyboard */ = {
			isa = PBXVariantGroup;
			children = (
				7C90CC3D1DE4F57600C542E0 /* Base */,
			);
			name = Main.storyboard;
			sourceTree = "<group>";
		};
		7C90CC411DE4F57600C542E0 /* LaunchScreen.storyboard */ = {
			isa = PBXVariantGroup;
			children = (
				7C90CC421DE4F57600C542E0 /* Base */,
			);
			name = LaunchScreen.storyboard;
			sourceTree = "<group>";
		};
/* End PBXVariantGroup section */

/* Begin XCBuildConfiguration section */
		7C90CC5B1DE4F57600C542E0 /* Debug */ = {
			isa = XCBuildConfiguration;
			buildSettings = {
				ALWAYS_SEARCH_USER_PATHS = NO;
				CLANG_ANALYZER_NONNULL = YES;
				CLANG_CXX_LANGUAGE_STANDARD = "gnu++0x";
				CLANG_CXX_LIBRARY = "libc++";
				CLANG_ENABLE_MODULES = YES;
				CLANG_ENABLE_OBJC_ARC = YES;
				CLANG_WARN_BOOL_CONVERSION = YES;
				CLANG_WARN_CONSTANT_CONVERSION = YES;
				CLANG_WARN_DIRECT_OBJC_ISA_USAGE = YES_ERROR;
				CLANG_WARN_DOCUMENTATION_COMMENTS = YES;
				CLANG_WARN_EMPTY_BODY = YES;
				CLANG_WARN_ENUM_CONVERSION = YES;
				CLANG_WARN_INFINITE_RECURSION = YES;
				CLANG_WARN_INT_CONVERSION = YES;
				CLANG_WARN_OBJC_ROOT_CLASS = YES_ERROR;
				CLANG_WARN_SUSPICIOUS_MOVES = YES;
				CLANG_WARN_UNREACHABLE_CODE = YES;
				CLANG_WARN__DUPLICATE_METHOD_MATCH = YES;
				"CODE_SIGN_IDENTITY[sdk=iphoneos*]" = "iPhone Developer";
				COPY_PHASE_STRIP = NO;
				DEBUG_INFORMATION_FORMAT = dwarf;
				ENABLE_STRICT_OBJC_MSGSEND = YES;
				ENABLE_TESTABILITY = YES;
				GCC_C_LANGUAGE_STANDARD = gnu99;
				GCC_DYNAMIC_NO_PIC = NO;
				GCC_NO_COMMON_BLOCKS = YES;
				GCC_OPTIMIZATION_LEVEL = 0;
				GCC_PREPROCESSOR_DEFINITIONS = (
					"DEBUG=1",
					"$(inherited)",
				);
				GCC_WARN_64_TO_32_BIT_CONVERSION = YES;
				GCC_WARN_ABOUT_RETURN_TYPE = YES_ERROR;
				GCC_WARN_UNDECLARED_SELECTOR = YES;
				GCC_WARN_UNINITIALIZED_AUTOS = YES_AGGRESSIVE;
				GCC_WARN_UNUSED_FUNCTION = YES;
				GCC_WARN_UNUSED_VARIABLE = YES;
				IPHONEOS_DEPLOYMENT_TARGET = 10.1;
				MTL_ENABLE_DEBUG_INFO = YES;
				ONLY_ACTIVE_ARCH = YES;
				SDKROOT = iphoneos;
				SWIFT_ACTIVE_COMPILATION_CONDITIONS = DEBUG;
				SWIFT_OPTIMIZATION_LEVEL = "-Onone";
				TARGETED_DEVICE_FAMILY = "1,2";
			};
			name = Debug;
		};
		7C90CC5C1DE4F57600C542E0 /* Release */ = {
			isa = XCBuildConfiguration;
			buildSettings = {
				ALWAYS_SEARCH_USER_PATHS = NO;
				CLANG_ANALYZER_NONNULL = YES;
				CLANG_CXX_LANGUAGE_STANDARD = "gnu++0x";
				CLANG_CXX_LIBRARY = "libc++";
				CLANG_ENABLE_MODULES = YES;
				CLANG_ENABLE_OBJC_ARC = YES;
				CLANG_WARN_BOOL_CONVERSION = YES;
				CLANG_WARN_CONSTANT_CONVERSION = YES;
				CLANG_WARN_DIRECT_OBJC_ISA_USAGE = YES_ERROR;
				CLANG_WARN_DOCUMENTATION_COMMENTS = YES;
				CLANG_WARN_EMPTY_BODY = YES;
				CLANG_WARN_ENUM_CONVERSION = YES;
				CLANG_WARN_INFINITE_RECURSION = YES;
				CLANG_WARN_INT_CONVERSION = YES;
				CLANG_WARN_OBJC_ROOT_CLASS = YES_ERROR;
				CLANG_WARN_SUSPICIOUS_MOVES = YES;
				CLANG_WARN_UNREACHABLE_CODE = YES;
				CLANG_WARN__DUPLICATE_METHOD_MATCH = YES;
				"CODE_SIGN_IDENTITY[sdk=iphoneos*]" = "iPhone Developer";
				COPY_PHASE_STRIP = NO;
				DEBUG_INFORMATION_FORMAT = "dwarf-with-dsym";
				ENABLE_NS_ASSERTIONS = NO;
				ENABLE_STRICT_OBJC_MSGSEND = YES;
				GCC_C_LANGUAGE_STANDARD = gnu99;
				GCC_NO_COMMON_BLOCKS = YES;
				GCC_WARN_64_TO_32_BIT_CONVERSION = YES;
				GCC_WARN_ABOUT_RETURN_TYPE = YES_ERROR;
				GCC_WARN_UNDECLARED_SELECTOR = YES;
				GCC_WARN_UNINITIALIZED_AUTOS = YES_AGGRESSIVE;
				GCC_WARN_UNUSED_FUNCTION = YES;
				GCC_WARN_UNUSED_VARIABLE = YES;
				IPHONEOS_DEPLOYMENT_TARGET = 10.1;
				MTL_ENABLE_DEBUG_INFO = NO;
				SDKROOT = iphoneos;
				SWIFT_OPTIMIZATION_LEVEL = "-Owholemodule";
				TARGETED_DEVICE_FAMILY = "1,2";
				VALIDATE_PRODUCT = YES;
			};
			name = Release;
		};
		7C90CC5E1DE4F57600C542E0 /* Debug */ = {
			isa = XCBuildConfiguration;
			baseConfigurationReference = 7DD14A77A89D2258B64B0107 /* Pods-HandMeDown.debug.xcconfig */;
			buildSettings = {
				ASSETCATALOG_COMPILER_APPICON_NAME = AppIcon;
				DEVELOPMENT_TEAM = 24H26R49VE;
				FRAMEWORK_SEARCH_PATHS = (
					"$(inherited)",
					"$(PROJECT_DIR)",
				);
				INFOPLIST_FILE = HandMeDown/Info.plist;
				LD_RUNPATH_SEARCH_PATHS = "$(inherited) @executable_path/Frameworks";
				PRODUCT_BUNDLE_IDENTIFIER = "com.-Komrad.HandMeDown";
				PRODUCT_NAME = "$(TARGET_NAME)";
				SWIFT_VERSION = 3.0;
			};
			name = Debug;
		};
		7C90CC5F1DE4F57600C542E0 /* Release */ = {
			isa = XCBuildConfiguration;
			baseConfigurationReference = 51362C3186EB54264D6F5541 /* Pods-HandMeDown.release.xcconfig */;
			buildSettings = {
				ASSETCATALOG_COMPILER_APPICON_NAME = AppIcon;
				DEVELOPMENT_TEAM = 24H26R49VE;
				FRAMEWORK_SEARCH_PATHS = (
					"$(inherited)",
					"$(PROJECT_DIR)",
				);
				INFOPLIST_FILE = HandMeDown/Info.plist;
				LD_RUNPATH_SEARCH_PATHS = "$(inherited) @executable_path/Frameworks";
				PRODUCT_BUNDLE_IDENTIFIER = "com.-Komrad.HandMeDown";
				PRODUCT_NAME = "$(TARGET_NAME)";
				SWIFT_VERSION = 3.0;
			};
			name = Release;
		};
		7C90CC611DE4F57600C542E0 /* Debug */ = {
			isa = XCBuildConfiguration;
			baseConfigurationReference = F6CCE3210B26A0FB82B66EBD /* Pods-HandMeDownTests.debug.xcconfig */;
			buildSettings = {
				ALWAYS_EMBED_SWIFT_STANDARD_LIBRARIES = YES;
				BUNDLE_LOADER = "$(TEST_HOST)";
				DEVELOPMENT_TEAM = 24H26R49VE;
				INFOPLIST_FILE = HandMeDownTests/Info.plist;
				LD_RUNPATH_SEARCH_PATHS = "$(inherited) @executable_path/Frameworks @loader_path/Frameworks";
				PRODUCT_BUNDLE_IDENTIFIER = "com.-Komrad.HandMeDownTests";
				PRODUCT_NAME = "$(TARGET_NAME)";
				SWIFT_VERSION = 3.0;
				TEST_HOST = "$(BUILT_PRODUCTS_DIR)/HandMeDown.app/HandMeDown";
			};
			name = Debug;
		};
		7C90CC621DE4F57600C542E0 /* Release */ = {
			isa = XCBuildConfiguration;
			baseConfigurationReference = 061DDDDDB1BC30C4BEB21511 /* Pods-HandMeDownTests.release.xcconfig */;
			buildSettings = {
				ALWAYS_EMBED_SWIFT_STANDARD_LIBRARIES = YES;
				BUNDLE_LOADER = "$(TEST_HOST)";
				DEVELOPMENT_TEAM = 24H26R49VE;
				INFOPLIST_FILE = HandMeDownTests/Info.plist;
				LD_RUNPATH_SEARCH_PATHS = "$(inherited) @executable_path/Frameworks @loader_path/Frameworks";
				PRODUCT_BUNDLE_IDENTIFIER = "com.-Komrad.HandMeDownTests";
				PRODUCT_NAME = "$(TARGET_NAME)";
				SWIFT_VERSION = 3.0;
				TEST_HOST = "$(BUILT_PRODUCTS_DIR)/HandMeDown.app/HandMeDown";
			};
			name = Release;
		};
		7C90CC641DE4F57600C542E0 /* Debug */ = {
			isa = XCBuildConfiguration;
			baseConfigurationReference = D37395C1EA7D63742BE57894 /* Pods-HandMeDownUITests.debug.xcconfig */;
			buildSettings = {
				ALWAYS_EMBED_SWIFT_STANDARD_LIBRARIES = YES;
				DEVELOPMENT_TEAM = 24H26R49VE;
				INFOPLIST_FILE = HandMeDownUITests/Info.plist;
				LD_RUNPATH_SEARCH_PATHS = "$(inherited) @executable_path/Frameworks @loader_path/Frameworks";
				PRODUCT_BUNDLE_IDENTIFIER = "com.-Komrad.HandMeDownUITests";
				PRODUCT_NAME = "$(TARGET_NAME)";
				SWIFT_VERSION = 3.0;
				TEST_TARGET_NAME = HandMeDown;
			};
			name = Debug;
		};
		7C90CC651DE4F57600C542E0 /* Release */ = {
			isa = XCBuildConfiguration;
			baseConfigurationReference = 07DAB02C7A601130249CFD61 /* Pods-HandMeDownUITests.release.xcconfig */;
			buildSettings = {
				ALWAYS_EMBED_SWIFT_STANDARD_LIBRARIES = YES;
				DEVELOPMENT_TEAM = 24H26R49VE;
				INFOPLIST_FILE = HandMeDownUITests/Info.plist;
				LD_RUNPATH_SEARCH_PATHS = "$(inherited) @executable_path/Frameworks @loader_path/Frameworks";
				PRODUCT_BUNDLE_IDENTIFIER = "com.-Komrad.HandMeDownUITests";
				PRODUCT_NAME = "$(TARGET_NAME)";
				SWIFT_VERSION = 3.0;
				TEST_TARGET_NAME = HandMeDown;
			};
			name = Release;
		};
/* End XCBuildConfiguration section */

/* Begin XCConfigurationList section */
		7C90CC2E1DE4F57600C542E0 /* Build configuration list for PBXProject "HandMeDown" */ = {
			isa = XCConfigurationList;
			buildConfigurations = (
				7C90CC5B1DE4F57600C542E0 /* Debug */,
				7C90CC5C1DE4F57600C542E0 /* Release */,
			);
			defaultConfigurationIsVisible = 0;
			defaultConfigurationName = Release;
		};
		7C90CC5D1DE4F57600C542E0 /* Build configuration list for PBXNativeTarget "HandMeDown" */ = {
			isa = XCConfigurationList;
			buildConfigurations = (
				7C90CC5E1DE4F57600C542E0 /* Debug */,
				7C90CC5F1DE4F57600C542E0 /* Release */,
			);
			defaultConfigurationIsVisible = 0;
			defaultConfigurationName = Release;
		};
		7C90CC601DE4F57600C542E0 /* Build configuration list for PBXNativeTarget "HandMeDownTests" */ = {
			isa = XCConfigurationList;
			buildConfigurations = (
				7C90CC611DE4F57600C542E0 /* Debug */,
				7C90CC621DE4F57600C542E0 /* Release */,
			);
			defaultConfigurationIsVisible = 0;
			defaultConfigurationName = Release;
		};
		7C90CC631DE4F57600C542E0 /* Build configuration list for PBXNativeTarget "HandMeDownUITests" */ = {
			isa = XCConfigurationList;
			buildConfigurations = (
				7C90CC641DE4F57600C542E0 /* Debug */,
				7C90CC651DE4F57600C542E0 /* Release */,
			);
			defaultConfigurationIsVisible = 0;
			defaultConfigurationName = Release;
		};
/* End XCConfigurationList section */
	};
	rootObject = 7C90CC2B1DE4F57600C542E0 /* Project object */;
}
